
Microsoft Visual Studio Solution File, Format Version 12.00
# Visual Studio Version 17
VisualStudioVersion = 17.4.33110.190
MinimumVisualStudioVersion = 10.0.40219.1
Project("{FAE04EC0-301F-11D3-BF4B-00C04F79EFBC}") = "CentralDeFinancas.BDD", "CentralDeFinancas.BDD\CentralDeFinancas.BDD.csproj", "{044FE90F-B39A-4582-A5E3-40DBB886EC53}"
EndProject
Global
	GlobalSection(SolutionConfigurationPlatforms) = preSolution
		Debug|Any CPU = Debug|Any CPU
		Release|Any CPU = Release|Any CPU
	EndGlobalSection
	GlobalSection(ProjectConfigurationPlatforms) = postSolution
		{044FE90F-B39A-4582-A5E3-40DBB886EC53}.Debug|Any CPU.ActiveCfg = Debug|Any CPU
		{044FE90F-B39A-4582-A5E3-40DBB886EC53}.Debug|Any CPU.Build.0 = Debug|Any CPU
		{044FE90F-B39A-4582-A5E3-40DBB886EC53}.Release|Any CPU.ActiveCfg = Release|Any CPU
		{044FE90F-B39A-4582-A5E3-40DBB886EC53}.Release|Any CPU.Build.0 = Release|Any CPU
	EndGlobalSection
	GlobalSection(SolutionProperties) = preSolution
		HideSolutionNode = FALSE
	EndGlobalSection
	GlobalSection(ExtensibilityGlobals) = postSolution
		SolutionGuid = {4D6665BD-CA27-42D4-9495-A8BC1573EF4A}
	EndGlobalSection
EndGlobal
